
Microsoft Visual Studio Solution File, Format Version 12.00
# Visual Studio Version 16
VisualStudioVersion = 16.0.29215.179
MinimumVisualStudioVersion = 10.0.40219.1
Project("{FAE04EC0-301F-11D3-BF4B-00C04F79EFBC}") = "degisken_int2", "degisken_int2.csproj", "{B96F02A1-80B3-4DA8-A5D1-6D68BAE2B439}"
EndProject
Global
	GlobalSection(SolutionConfigurationPlatforms) = preSolution
		Debug|Any CPU = Debug|Any CPU
		Release|Any CPU = Release|Any CPU
	EndGlobalSection
	GlobalSection(ProjectConfigurationPlatforms) = postSolution
		{B96F02A1-80B3-4DA8-A5D1-6D68BAE2B439}.Debug|Any CPU.ActiveCfg = Debug|Any CPU
		{B96F02A1-80B3-4DA8-A5D1-6D68BAE2B439}.Debug|Any CPU.Build.0 = Debug|Any CPU
		{B96F02A1-80B3-4DA8-A5D1-6D68BAE2B439}.Release|Any CPU.ActiveCfg = Release|Any CPU
		{B96F02A1-80B3-4DA8-A5D1-6D68BAE2B439}.Release|Any CPU.Build.0 = Release|Any CPU
	EndGlobalSection
	GlobalSection(SolutionProperties) = preSolution
		HideSolutionNode = FALSE
	EndGlobalSection
	GlobalSection(ExtensibilityGlobals) = postSolution
		SolutionGuid = {E55284EC-2C51-4DC8-B260-D4B7186B87E3}
	EndGlobalSection
EndGlobal
