
Microsoft Visual Studio Solution File, Format Version 12.00
# Visual Studio Version 16
VisualStudioVersion = 16.0.30225.117
MinimumVisualStudioVersion = 10.0.40219.1
Project("{FAE04EC0-301F-11D3-BF4B-00C04F79EFBC}") = "open_save_folder_filedialog", "open_save_folder_filedialog.csproj", "{18E4F6FC-06CD-447C-B771-83ED7505807D}"
EndProject
Global
	GlobalSection(SolutionConfigurationPlatforms) = preSolution
		Debug|Any CPU = Debug|Any CPU
		Release|Any CPU = Release|Any CPU
	EndGlobalSection
	GlobalSection(ProjectConfigurationPlatforms) = postSolution
		{18E4F6FC-06CD-447C-B771-83ED7505807D}.Debug|Any CPU.ActiveCfg = Debug|Any CPU
		{18E4F6FC-06CD-447C-B771-83ED7505807D}.Debug|Any CPU.Build.0 = Debug|Any CPU
		{18E4F6FC-06CD-447C-B771-83ED7505807D}.Release|Any CPU.ActiveCfg = Release|Any CPU
		{18E4F6FC-06CD-447C-B771-83ED7505807D}.Release|Any CPU.Build.0 = Release|Any CPU
	EndGlobalSection
	GlobalSection(SolutionProperties) = preSolution
		HideSolutionNode = FALSE
	EndGlobalSection
	GlobalSection(ExtensibilityGlobals) = postSolution
		SolutionGuid = {EB42999A-06A4-489B-8156-06E2042568B6}
	EndGlobalSection
EndGlobal
