
Microsoft Visual Studio Solution File, Format Version 12.00
# Visual Studio Version 16
VisualStudioVersion = 16.0.29215.179
MinimumVisualStudioVersion = 10.0.40219.1
Project("{FAE04EC0-301F-11D3-BF4B-00C04F79EFBC}") = "ornek_console2", "ornek_console2.csproj", "{7B1B8A52-05B4-4948-AAB6-2C95AB4465EB}"
EndProject
Global
	GlobalSection(SolutionConfigurationPlatforms) = preSolution
		Debug|Any CPU = Debug|Any CPU
		Release|Any CPU = Release|Any CPU
	EndGlobalSection
	GlobalSection(ProjectConfigurationPlatforms) = postSolution
		{7B1B8A52-05B4-4948-AAB6-2C95AB4465EB}.Debug|Any CPU.ActiveCfg = Debug|Any CPU
		{7B1B8A52-05B4-4948-AAB6-2C95AB4465EB}.Debug|Any CPU.Build.0 = Debug|Any CPU
		{7B1B8A52-05B4-4948-AAB6-2C95AB4465EB}.Release|Any CPU.ActiveCfg = Release|Any CPU
		{7B1B8A52-05B4-4948-AAB6-2C95AB4465EB}.Release|Any CPU.Build.0 = Release|Any CPU
	EndGlobalSection
	GlobalSection(SolutionProperties) = preSolution
		HideSolutionNode = FALSE
	EndGlobalSection
	GlobalSection(ExtensibilityGlobals) = postSolution
		SolutionGuid = {AAD45332-CD26-4169-93FD-F672A137ACD6}
	EndGlobalSection
EndGlobal
