
Microsoft Visual Studio Solution File, Format Version 12.00
# Visual Studio Version 16
VisualStudioVersion = 16.0.29215.179
MinimumVisualStudioVersion = 10.0.40219.1
Project("{FAE04EC0-301F-11D3-BF4B-00C04F79EFBC}") = "ardısık_sayı_toplamı", "ardısık_sayı_toplamı.csproj", "{236D7786-011C-4170-80F7-1F40A3B78458}"
EndProject
Global
	GlobalSection(SolutionConfigurationPlatforms) = preSolution
		Debug|Any CPU = Debug|Any CPU
		Release|Any CPU = Release|Any CPU
	EndGlobalSection
	GlobalSection(ProjectConfigurationPlatforms) = postSolution
		{236D7786-011C-4170-80F7-1F40A3B78458}.Debug|Any CPU.ActiveCfg = Debug|Any CPU
		{236D7786-011C-4170-80F7-1F40A3B78458}.Debug|Any CPU.Build.0 = Debug|Any CPU
		{236D7786-011C-4170-80F7-1F40A3B78458}.Release|Any CPU.ActiveCfg = Release|Any CPU
		{236D7786-011C-4170-80F7-1F40A3B78458}.Release|Any CPU.Build.0 = Release|Any CPU
	EndGlobalSection
	GlobalSection(SolutionProperties) = preSolution
		HideSolutionNode = FALSE
	EndGlobalSection
	GlobalSection(ExtensibilityGlobals) = postSolution
		SolutionGuid = {64C5B197-9FCA-4B11-AD89-93F3E33FD328}
	EndGlobalSection
EndGlobal
