
Microsoft Visual Studio Solution File, Format Version 12.00
# Visual Studio Version 16
VisualStudioVersion = 16.0.30225.117
MinimumVisualStudioVersion = 10.0.40219.1
Project("{FAE04EC0-301F-11D3-BF4B-00C04F79EFBC}") = "metin_belgesi_veri_gönderme", "metin_belgesi_veri_gönderme.csproj", "{5D825877-7380-4FED-AE3C-F93B2A7F24E0}"
EndProject
Global
	GlobalSection(SolutionConfigurationPlatforms) = preSolution
		Debug|Any CPU = Debug|Any CPU
		Release|Any CPU = Release|Any CPU
	EndGlobalSection
	GlobalSection(ProjectConfigurationPlatforms) = postSolution
		{5D825877-7380-4FED-AE3C-F93B2A7F24E0}.Debug|Any CPU.ActiveCfg = Debug|Any CPU
		{5D825877-7380-4FED-AE3C-F93B2A7F24E0}.Debug|Any CPU.Build.0 = Debug|Any CPU
		{5D825877-7380-4FED-AE3C-F93B2A7F24E0}.Release|Any CPU.ActiveCfg = Release|Any CPU
		{5D825877-7380-4FED-AE3C-F93B2A7F24E0}.Release|Any CPU.Build.0 = Release|Any CPU
	EndGlobalSection
	GlobalSection(SolutionProperties) = preSolution
		HideSolutionNode = FALSE
	EndGlobalSection
	GlobalSection(ExtensibilityGlobals) = postSolution
		SolutionGuid = {60725BA0-4EB9-49A2-BD32-1FAADC3FAFE0}
	EndGlobalSection
EndGlobal
