
Microsoft Visual Studio Solution File, Format Version 12.00
# Visual Studio Version 16
VisualStudioVersion = 16.0.29215.179
MinimumVisualStudioVersion = 10.0.40219.1
Project("{FAE04EC0-301F-11D3-BF4B-00C04F79EFBC}") = "döbgüler_do+while", "döbgüler_do+while.csproj", "{03C105DE-4C65-48EA-B8CA-07F7259B5BD9}"
EndProject
Global
	GlobalSection(SolutionConfigurationPlatforms) = preSolution
		Debug|Any CPU = Debug|Any CPU
		Release|Any CPU = Release|Any CPU
	EndGlobalSection
	GlobalSection(ProjectConfigurationPlatforms) = postSolution
		{03C105DE-4C65-48EA-B8CA-07F7259B5BD9}.Debug|Any CPU.ActiveCfg = Debug|Any CPU
		{03C105DE-4C65-48EA-B8CA-07F7259B5BD9}.Debug|Any CPU.Build.0 = Debug|Any CPU
		{03C105DE-4C65-48EA-B8CA-07F7259B5BD9}.Release|Any CPU.ActiveCfg = Release|Any CPU
		{03C105DE-4C65-48EA-B8CA-07F7259B5BD9}.Release|Any CPU.Build.0 = Release|Any CPU
	EndGlobalSection
	GlobalSection(SolutionProperties) = preSolution
		HideSolutionNode = FALSE
	EndGlobalSection
	GlobalSection(ExtensibilityGlobals) = postSolution
		SolutionGuid = {FEA5EB31-7A34-4A5C-A12C-DF6E2EBFAC9F}
	EndGlobalSection
EndGlobal
