
Microsoft Visual Studio Solution File, Format Version 12.00
# Visual Studio Version 16
VisualStudioVersion = 16.0.29215.179
MinimumVisualStudioVersion = 10.0.40219.1
Project("{FAE04EC0-301F-11D3-BF4B-00C04F79EFBC}") = "timer_kullanımı", "timer_kullanımı.csproj", "{C92A08F9-5487-41D3-9E1A-2441DE9B8160}"
EndProject
Global
	GlobalSection(SolutionConfigurationPlatforms) = preSolution
		Debug|Any CPU = Debug|Any CPU
		Release|Any CPU = Release|Any CPU
	EndGlobalSection
	GlobalSection(ProjectConfigurationPlatforms) = postSolution
		{C92A08F9-5487-41D3-9E1A-2441DE9B8160}.Debug|Any CPU.ActiveCfg = Debug|Any CPU
		{C92A08F9-5487-41D3-9E1A-2441DE9B8160}.Debug|Any CPU.Build.0 = Debug|Any CPU
		{C92A08F9-5487-41D3-9E1A-2441DE9B8160}.Release|Any CPU.ActiveCfg = Release|Any CPU
		{C92A08F9-5487-41D3-9E1A-2441DE9B8160}.Release|Any CPU.Build.0 = Release|Any CPU
	EndGlobalSection
	GlobalSection(SolutionProperties) = preSolution
		HideSolutionNode = FALSE
	EndGlobalSection
	GlobalSection(ExtensibilityGlobals) = postSolution
		SolutionGuid = {3ED82B0D-7951-43A8-ABD5-75E798700641}
	EndGlobalSection
EndGlobal
