
Microsoft Visual Studio Solution File, Format Version 12.00
# Visual Studio Version 16
VisualStudioVersion = 16.0.29215.179
MinimumVisualStudioVersion = 10.0.40219.1
Project("{FAE04EC0-301F-11D3-BF4B-00C04F79EFBC}") = "Ders2", "Ders2.csproj", "{474722AD-DA4F-462B-BD81-6A9A0FE88313}"
EndProject
Global
	GlobalSection(SolutionConfigurationPlatforms) = preSolution
		Debug|Any CPU = Debug|Any CPU
		Release|Any CPU = Release|Any CPU
	EndGlobalSection
	GlobalSection(ProjectConfigurationPlatforms) = postSolution
		{474722AD-DA4F-462B-BD81-6A9A0FE88313}.Debug|Any CPU.ActiveCfg = Debug|Any CPU
		{474722AD-DA4F-462B-BD81-6A9A0FE88313}.Debug|Any CPU.Build.0 = Debug|Any CPU
		{474722AD-DA4F-462B-BD81-6A9A0FE88313}.Release|Any CPU.ActiveCfg = Release|Any CPU
		{474722AD-DA4F-462B-BD81-6A9A0FE88313}.Release|Any CPU.Build.0 = Release|Any CPU
	EndGlobalSection
	GlobalSection(SolutionProperties) = preSolution
		HideSolutionNode = FALSE
	EndGlobalSection
	GlobalSection(ExtensibilityGlobals) = postSolution
		SolutionGuid = {5379E422-E65B-451A-870E-9A54A91B540A}
	EndGlobalSection
EndGlobal
