
Microsoft Visual Studio Solution File, Format Version 12.00
# Visual Studio Version 16
VisualStudioVersion = 16.0.29215.179
MinimumVisualStudioVersion = 10.0.40219.1
Project("{FAE04EC0-301F-11D3-BF4B-00C04F79EFBC}") = "degisken_double", "degisken_double.csproj", "{982151B4-5AA0-4974-B942-8834087FA0BC}"
EndProject
Global
	GlobalSection(SolutionConfigurationPlatforms) = preSolution
		Debug|Any CPU = Debug|Any CPU
		Release|Any CPU = Release|Any CPU
	EndGlobalSection
	GlobalSection(ProjectConfigurationPlatforms) = postSolution
		{982151B4-5AA0-4974-B942-8834087FA0BC}.Debug|Any CPU.ActiveCfg = Debug|Any CPU
		{982151B4-5AA0-4974-B942-8834087FA0BC}.Debug|Any CPU.Build.0 = Debug|Any CPU
		{982151B4-5AA0-4974-B942-8834087FA0BC}.Release|Any CPU.ActiveCfg = Release|Any CPU
		{982151B4-5AA0-4974-B942-8834087FA0BC}.Release|Any CPU.Build.0 = Release|Any CPU
	EndGlobalSection
	GlobalSection(SolutionProperties) = preSolution
		HideSolutionNode = FALSE
	EndGlobalSection
	GlobalSection(ExtensibilityGlobals) = postSolution
		SolutionGuid = {2BC236B7-AB43-4BDA-87B3-ABEABDD4A970}
	EndGlobalSection
EndGlobal
