
Microsoft Visual Studio Solution File, Format Version 12.00
# Visual Studio Version 16
VisualStudioVersion = 16.0.29215.179
MinimumVisualStudioVersion = 10.0.40219.1
Project("{FAE04EC0-301F-11D3-BF4B-00C04F79EFBC}") = "mettot2", "mettot2.csproj", "{79456D27-D86D-4BF0-80AF-968F54AB6C0D}"
EndProject
Global
	GlobalSection(SolutionConfigurationPlatforms) = preSolution
		Debug|Any CPU = Debug|Any CPU
		Release|Any CPU = Release|Any CPU
	EndGlobalSection
	GlobalSection(ProjectConfigurationPlatforms) = postSolution
		{79456D27-D86D-4BF0-80AF-968F54AB6C0D}.Debug|Any CPU.ActiveCfg = Debug|Any CPU
		{79456D27-D86D-4BF0-80AF-968F54AB6C0D}.Debug|Any CPU.Build.0 = Debug|Any CPU
		{79456D27-D86D-4BF0-80AF-968F54AB6C0D}.Release|Any CPU.ActiveCfg = Release|Any CPU
		{79456D27-D86D-4BF0-80AF-968F54AB6C0D}.Release|Any CPU.Build.0 = Release|Any CPU
	EndGlobalSection
	GlobalSection(SolutionProperties) = preSolution
		HideSolutionNode = FALSE
	EndGlobalSection
	GlobalSection(ExtensibilityGlobals) = postSolution
		SolutionGuid = {1FF183DE-1D8B-4778-8332-EC734D08A7FC}
	EndGlobalSection
EndGlobal
