
Microsoft Visual Studio Solution File, Format Version 12.00
# Visual Studio Version 16
VisualStudioVersion = 16.0.29215.179
MinimumVisualStudioVersion = 10.0.40219.1
Project("{FAE04EC0-301F-11D3-BF4B-00C04F79EFBC}") = "karar_yapilari_proje", "karar_yapilari_proje.csproj", "{EF6FF65E-E6F5-41B8-8CF9-DFD7665B1102}"
EndProject
Global
	GlobalSection(SolutionConfigurationPlatforms) = preSolution
		Debug|Any CPU = Debug|Any CPU
		Release|Any CPU = Release|Any CPU
	EndGlobalSection
	GlobalSection(ProjectConfigurationPlatforms) = postSolution
		{EF6FF65E-E6F5-41B8-8CF9-DFD7665B1102}.Debug|Any CPU.ActiveCfg = Debug|Any CPU
		{EF6FF65E-E6F5-41B8-8CF9-DFD7665B1102}.Debug|Any CPU.Build.0 = Debug|Any CPU
		{EF6FF65E-E6F5-41B8-8CF9-DFD7665B1102}.Release|Any CPU.ActiveCfg = Release|Any CPU
		{EF6FF65E-E6F5-41B8-8CF9-DFD7665B1102}.Release|Any CPU.Build.0 = Release|Any CPU
	EndGlobalSection
	GlobalSection(SolutionProperties) = preSolution
		HideSolutionNode = FALSE
	EndGlobalSection
	GlobalSection(ExtensibilityGlobals) = postSolution
		SolutionGuid = {5C8180FC-65B8-4CCF-9D1C-856DFF09E97A}
	EndGlobalSection
EndGlobal
