
Microsoft Visual Studio Solution File, Format Version 12.00
# Visual Studio Version 16
VisualStudioVersion = 16.0.29215.179
MinimumVisualStudioVersion = 10.0.40219.1
Project("{FAE04EC0-301F-11D3-BF4B-00C04F79EFBC}") = "foreach_ödev", "foreach_ödev.csproj", "{3AB7775E-4CB5-41A9-A097-4250688EEC9C}"
EndProject
Global
	GlobalSection(SolutionConfigurationPlatforms) = preSolution
		Debug|Any CPU = Debug|Any CPU
		Release|Any CPU = Release|Any CPU
	EndGlobalSection
	GlobalSection(ProjectConfigurationPlatforms) = postSolution
		{3AB7775E-4CB5-41A9-A097-4250688EEC9C}.Debug|Any CPU.ActiveCfg = Debug|Any CPU
		{3AB7775E-4CB5-41A9-A097-4250688EEC9C}.Debug|Any CPU.Build.0 = Debug|Any CPU
		{3AB7775E-4CB5-41A9-A097-4250688EEC9C}.Release|Any CPU.ActiveCfg = Release|Any CPU
		{3AB7775E-4CB5-41A9-A097-4250688EEC9C}.Release|Any CPU.Build.0 = Release|Any CPU
	EndGlobalSection
	GlobalSection(SolutionProperties) = preSolution
		HideSolutionNode = FALSE
	EndGlobalSection
	GlobalSection(ExtensibilityGlobals) = postSolution
		SolutionGuid = {35B1752D-9906-4C14-84CF-ABCEE62F6619}
	EndGlobalSection
EndGlobal
